
Microsoft Visual Studio Solution File, Format Version 12.00
# Visual Studio 14
VisualStudioVersion = 14.0.24720.0
MinimumVisualStudioVersion = 10.0.40219.1
Project("{FAE04EC0-301F-11D3-BF4B-00C04F79EFBC}") = "Established-Patient-Form", "Established-Patient-Form\Established-Patient-Form.csproj", "{11D78E87-76B2-4968-81C4-C7A718A13507}"
EndProject
Project("{FAE04EC0-301F-11D3-BF4B-00C04F79EFBC}") = "DataAccess", "DataAccess\DataAccess.csproj", "{CF8FA8B4-26EA-49BD-93F5-0FBE6CC24579}"
EndProject
Global
	GlobalSection(SolutionConfigurationPlatforms) = preSolution
		Debug|Any CPU = Debug|Any CPU
		Release|Any CPU = Release|Any CPU
	EndGlobalSection
	GlobalSection(ProjectConfigurationPlatforms) = postSolution
		{11D78E87-76B2-4968-81C4-C7A718A13507}.Debug|Any CPU.ActiveCfg = Debug|Any CPU
		{11D78E87-76B2-4968-81C4-C7A718A13507}.Debug|Any CPU.Build.0 = Debug|Any CPU
		{11D78E87-76B2-4968-81C4-C7A718A13507}.Release|Any CPU.ActiveCfg = Release|Any CPU
		{11D78E87-76B2-4968-81C4-C7A718A13507}.Release|Any CPU.Build.0 = Release|Any CPU
		{CF8FA8B4-26EA-49BD-93F5-0FBE6CC24579}.Debug|Any CPU.ActiveCfg = Debug|Any CPU
		{CF8FA8B4-26EA-49BD-93F5-0FBE6CC24579}.Debug|Any CPU.Build.0 = Debug|Any CPU
		{CF8FA8B4-26EA-49BD-93F5-0FBE6CC24579}.Release|Any CPU.ActiveCfg = Release|Any CPU
		{CF8FA8B4-26EA-49BD-93F5-0FBE6CC24579}.Release|Any CPU.Build.0 = Release|Any CPU
	EndGlobalSection
	GlobalSection(SolutionProperties) = preSolution
		HideSolutionNode = FALSE
	EndGlobalSection
EndGlobal
